
Microsoft Visual Studio Solution File, Format Version 10.00
# Visual Studio 2008
Project("{8BC9CEB8-8B4A-11D0-8D11-00A0C91BC942}") = "ListBox", "ListBox\ListBox.vcproj", "{C69783EA-3E5C-4B14-ABC2-53391A83F17C}"
EndProject
Global
	GlobalSection(SolutionConfigurationPlatforms) = preSolution
		Debug|Win32 = Debug|Win32
		Release|Win32 = Release|Win32
	EndGlobalSection
	GlobalSection(ProjectConfigurationPlatforms) = postSolution
		{C69783EA-3E5C-4B14-ABC2-53391A83F17C}.Debug|Win32.ActiveCfg = Debug|Win32
		{C69783EA-3E5C-4B14-ABC2-53391A83F17C}.Debug|Win32.Build.0 = Debug|Win32
		{C69783EA-3E5C-4B14-ABC2-53391A83F17C}.Release|Win32.ActiveCfg = Release|Win32
		{C69783EA-3E5C-4B14-ABC2-53391A83F17C}.Release|Win32.Build.0 = Release|Win32
	EndGlobalSection
	GlobalSection(SolutionProperties) = preSolution
		HideSolutionNode = FALSE
	EndGlobalSection
EndGlobal
